{
  "name": "keyrune-docs",
  "version": "1.0.1",
  "lockfileVersion": 1,
  "requires": true,
  "dependencies": {
    "keyrune": {
      "version": "3.3.3",
      "resolved": "https://registry.npmjs.org/keyrune/-/keyrune-3.3.3.tgz",
      "integrity": "sha512-E/PiOmmprAupsiUVUL9MH7hxBi4NSuTlwha3+ECKNn2a+2HqR0K+Ka5RQXIS5S6egY2kaZK4MsWoCQGHgWkH6Q=="
    },
    "zepto": {
      "version": "1.2.0",
      "resolved": "https://registry.npmjs.org/zepto/-/zepto-1.2.0.tgz",
      "integrity": "sha1-4Se9nmb9hGvl6rSME5SIL3wOT5g="
    }
  }
}
