{
  "name": "keyrune-docs",
  "version": "1.0.1",
  "lockfileVersion": 1,
  "requires": true,
  "dependencies": {
    "keyrune": {
      "version": "3.4.2",
      "resolved": "https://registry.npmjs.org/keyrune/-/keyrune-3.4.2.tgz",
      "integrity": "sha512-6k8lthwQbe5O1XK99C6I0BADZ6c6+ZdsJBvMxuvttQAR+yKWfJ4j2A+uLS47LFi4vb0xZiu3oORjUhxtKoSbqQ=="
    },
    "zepto": {
      "version": "1.2.0",
      "resolved": "https://registry.npmjs.org/zepto/-/zepto-1.2.0.tgz",
      "integrity": "sha1-4Se9nmb9hGvl6rSME5SIL3wOT5g="
    }
  }
}
