{
  "name": "keyrune-docs",
  "version": "1.0.1",
  "lockfileVersion": 1,
  "requires": true,
  "dependencies": {
    "keyrune": {
      "version": "3.5.0",
      "resolved": "https://registry.npmjs.org/keyrune/-/keyrune-3.5.0.tgz",
      "integrity": "sha512-qJhO/9mdcYbS+pVZL0l+nUUyUKBIwnXXJQwH1PDdrYQ4ugfd0AWzZy+KY7teNNjSE19E3HpSDZuyP6uLH4BlUA=="
    },
    "zepto": {
      "version": "1.2.0",
      "resolved": "https://registry.npmjs.org/zepto/-/zepto-1.2.0.tgz",
      "integrity": "sha1-4Se9nmb9hGvl6rSME5SIL3wOT5g="
    }
  }
}
